
Microsoft Visual Studio Solution File, Format Version 12.00
# Visual Studio Version 16
VisualStudioVersion = 16.0.30804.86
MinimumVisualStudioVersion = 10.0.40219.1
Project("{FAE04EC0-301F-11D3-BF4B-00C04F79EFBC}") = "DataAccess", "DataAccess\DataAccess.csproj", "{618CFC47-6FC4-4FF1-8067-BFCDBDF16C71}"
EndProject
Project("{FAE04EC0-301F-11D3-BF4B-00C04F79EFBC}") = "Business", "Business\Business.csproj", "{318FC4BC-DA9F-451B-B8AD-EC43B145C0F6}"
EndProject
Project("{FAE04EC0-301F-11D3-BF4B-00C04F79EFBC}") = "Entities", "Entities\Entities.csproj", "{6B531BBF-5575-4482-AB59-8C2B7601A7B2}"
EndProject
Project("{FAE04EC0-301F-11D3-BF4B-00C04F79EFBC}") = "ConsoleUI", "ConsoleUI\ConsoleUI.csproj", "{C2D2CB1C-06CA-4842-B331-E16E2E507A20}"
EndProject
Global
	GlobalSection(SolutionConfigurationPlatforms) = preSolution
		Debug|Any CPU = Debug|Any CPU
		Release|Any CPU = Release|Any CPU
	EndGlobalSection
	GlobalSection(ProjectConfigurationPlatforms) = postSolution
		{618CFC47-6FC4-4FF1-8067-BFCDBDF16C71}.Debug|Any CPU.ActiveCfg = Debug|Any CPU
		{618CFC47-6FC4-4FF1-8067-BFCDBDF16C71}.Debug|Any CPU.Build.0 = Debug|Any CPU
		{618CFC47-6FC4-4FF1-8067-BFCDBDF16C71}.Release|Any CPU.ActiveCfg = Release|Any CPU
		{618CFC47-6FC4-4FF1-8067-BFCDBDF16C71}.Release|Any CPU.Build.0 = Release|Any CPU
		{318FC4BC-DA9F-451B-B8AD-EC43B145C0F6}.Debug|Any CPU.ActiveCfg = Debug|Any CPU
		{318FC4BC-DA9F-451B-B8AD-EC43B145C0F6}.Debug|Any CPU.Build.0 = Debug|Any CPU
		{318FC4BC-DA9F-451B-B8AD-EC43B145C0F6}.Release|Any CPU.ActiveCfg = Release|Any CPU
		{318FC4BC-DA9F-451B-B8AD-EC43B145C0F6}.Release|Any CPU.Build.0 = Release|Any CPU
		{6B531BBF-5575-4482-AB59-8C2B7601A7B2}.Debug|Any CPU.ActiveCfg = Debug|Any CPU
		{6B531BBF-5575-4482-AB59-8C2B7601A7B2}.Debug|Any CPU.Build.0 = Debug|Any CPU
		{6B531BBF-5575-4482-AB59-8C2B7601A7B2}.Release|Any CPU.ActiveCfg = Release|Any CPU
		{6B531BBF-5575-4482-AB59-8C2B7601A7B2}.Release|Any CPU.Build.0 = Release|Any CPU
		{C2D2CB1C-06CA-4842-B331-E16E2E507A20}.Debug|Any CPU.ActiveCfg = Debug|Any CPU
		{C2D2CB1C-06CA-4842-B331-E16E2E507A20}.Debug|Any CPU.Build.0 = Debug|Any CPU
		{C2D2CB1C-06CA-4842-B331-E16E2E507A20}.Release|Any CPU.ActiveCfg = Release|Any CPU
		{C2D2CB1C-06CA-4842-B331-E16E2E507A20}.Release|Any CPU.Build.0 = Release|Any CPU
	EndGlobalSection
	GlobalSection(SolutionProperties) = preSolution
		HideSolutionNode = FALSE
	EndGlobalSection
	GlobalSection(ExtensibilityGlobals) = postSolution
		SolutionGuid = {8538C951-E269-49F6-A903-E8D4E14372A0}
	EndGlobalSection
EndGlobal
